# THIS IS AN AUTOGENERATED FILE. DO NOT EDIT THIS FILE DIRECTLY.
# yarn lockfile v1


"@bogeychan/elysia-logger@^0.0.11":
  version "0.0.11"
  resolved "https://registry.yarnpkg.com/@bogeychan/elysia-logger/-/elysia-logger-0.0.11.tgz#2fda6aa184f7ee22162938be050aeec0a1d68566"
  integrity sha512-/3U83edoGqwgtMhwg0Vhacvb8fdtOXxSjC0l1QKcTRTvd5cACVDggmKnRvyu9gJbFKbGM0k7Tzv0rBb6U9Pqbw==
  dependencies:
    pino "^8.15.1"

"@elysiajs/cookie@^0.7.0":
  version "0.7.0"
  resolved "https://registry.yarnpkg.com/@elysiajs/cookie/-/cookie-0.7.0.tgz#308cbe7d4deb88803f4a4330e3c18dbef801ede4"
  integrity sha512-GCDjClpaOYLSaugLc3HLS5kAhghpubJfvkFn9ZIsgQzkpUk4vJLLVUFbPm5FrqgUo71VaQAAGKJm5OhRRWQT+w==
  dependencies:
    "@types/cookie" "^0.5.1"
    "@types/cookie-signature" "^1.1.0"
    cookie "^0.5.0"
    cookie-signature "^1.2.1"

"@elysiajs/cors@^0.7.1":
  version "0.7.1"
  resolved "https://registry.yarnpkg.com/@elysiajs/cors/-/cors-0.7.1.tgz#569e98953fca70d04e09cac6b27d641cd23f0a2f"
  integrity sha512-PTbYHIcaxqjOM2K3jEXCAyAhgewt4VUpVHJoGc6EMH6I2CpPj4G+W0Qjd5wlP9+nNOVkwttnITzJvBDAXQOkXg==

"@elysiajs/jwt@^0.7.0":
  version "0.7.0"
  resolved "https://registry.yarnpkg.com/@elysiajs/jwt/-/jwt-0.7.0.tgz#946d62e2dc159079d99f8ccf5045c3c7a523c499"
  integrity sha512-4CcW0AnpZF/r/7PyBhQS1Nlr4q/CGNBs5QYtfHgCYQZjZ/pR7XqKJIZs0bvNbxEdgPcRjr9JQx2crR6O2yEt4w==
  dependencies:
    jose "^4.14.4"

"@elysiajs/swagger@^0.7.3":
  version "0.7.3"
  resolved "https://registry.yarnpkg.com/@elysiajs/swagger/-/swagger-0.7.3.tgz#e82c62cbd1dc871819f928a406e2f5a90040ba1b"
  integrity sha512-HOLhoFgJOse9XvtkydlOIYEo+ezLD5syhUYnjEbd8uhGV+rmGfGPjVmQ5adG5NWWTNVuhqEDY5bSoirW4k5lQg==
  dependencies:
    "@types/lodash.clonedeep" "^4.5.7"
    "@types/swagger-ui" "^3.52.2"
    lodash.clonedeep "^4.5.0"
    openapi-types "^12.1.3"

"@sinclair/typebox@^0.31.0", "@sinclair/typebox@^0.31.17":
  version "0.31.17"
  resolved "https://registry.npmjs.org/@sinclair/typebox/-/typebox-0.31.17.tgz"
  integrity sha512-GVYVHHOGINx+DT2DwjXoCQO0mRpztYKyb3d48tucuqhjhHpQYGp7Xx7dhhQGzILx/beuBrzfITMC7/5X7fw+UA==

"@types/cookie-signature@^1.1.0":
  version "1.1.0"
  resolved "https://registry.npmjs.org/@types/cookie-signature/-/cookie-signature-1.1.0.tgz"
  integrity sha512-6/OwJHoeGW5taC2vWq1sz8X7/T2rAPVXj3zQds+rM4b5VrW8lgpYjpDVjTJmkRB1IODBCAiuPXNk092CjYlryQ==
  dependencies:
    "@types/node" "*"

"@types/cookie@^0.5.1":
  version "0.5.2"
  resolved "https://registry.npmjs.org/@types/cookie/-/cookie-0.5.2.tgz"
  integrity sha512-DBpRoJGKJZn7RY92dPrgoMew8xCWc2P71beqsjyhEI/Ds9mOyVmBwtekyfhpwFIVt1WrxTonFifiOZ62V8CnNA==

"@types/lodash.clonedeep@^4.5.7":
  version "4.5.7"
  resolved "https://registry.npmjs.org/@types/lodash.clonedeep/-/lodash.clonedeep-4.5.7.tgz"
  integrity sha512-ccNqkPptFIXrpVqUECi60/DFxjNKsfoQxSQsgcBJCX/fuX1wgyQieojkcWH/KpE3xzLoWN/2k+ZeGqIN3paSvw==
  dependencies:
    "@types/lodash" "*"

"@types/lodash@*":
  version "4.14.199"
  resolved "https://registry.npmjs.org/@types/lodash/-/lodash-4.14.199.tgz"
  integrity sha512-Vrjz5N5Ia4SEzWWgIVwnHNEnb1UE1XMkvY5DGXrAeOGE9imk0hgTHh5GyDjLDJi9OTCn9oo9dXH1uToK1VRfrg==

"@types/node@*":
  version "20.8.3"
  resolved "https://registry.npmjs.org/@types/node/-/node-20.8.3.tgz"
  integrity sha512-jxiZQFpb+NlH5kjW49vXxvxTjeeqlbsnTAdBTKpzEdPs9itay7MscYXz3Fo9VYFEsfQ6LJFitHad3faerLAjCw==

"@types/swagger-ui@^3.52.2":
  version "3.52.2"
  resolved "https://registry.yarnpkg.com/@types/swagger-ui/-/swagger-ui-3.52.2.tgz#eddf7f5f114691316514a24023be704f7f5dd678"
  integrity sha512-F1oq26vgAfdSEdQ8BTjPKNIFZw5aoKO9Y5ZnNEqcgLVRE3b0yTbDqIgNm+rtcLCH8ELmKI+wZFHNj2P3BYHHFQ==

abort-controller@^3.0.0:
  version "3.0.0"
  resolved "https://registry.npmjs.org/abort-controller/-/abort-controller-3.0.0.tgz"
  integrity sha512-h8lQ8tacZYnR3vNQTgibj+tODHI5/+l06Au2Pcriv/Gmet0eaj4TwWH41sO9wnHDiQsEj19q0drzdWdeAHtweg==
  dependencies:
    event-target-shim "^5.0.0"

atomic-sleep@^1.0.0:
  version "1.0.0"
  resolved "https://registry.npmjs.org/atomic-sleep/-/atomic-sleep-1.0.0.tgz"
  integrity sha512-kNOjDqAh7px0XWNI+4QbzoiR/nTkHAWNud2uvnJquD1/x5a7EQZMJT0AczqK0Qn67oY/TTQ1LbUKajZpp3I9tQ==

base64-js@^1.3.1:
  version "1.5.1"
  resolved "https://registry.npmjs.org/base64-js/-/base64-js-1.5.1.tgz"
  integrity sha512-AKpaYlHn8t4SVbOHCy+b5+KKgvR4vrsD8vbvrbiQJps7fKDTkjkDry6ji0rUJjC0kzbNePLwzxq8iypo41qeWA==

buffer@^6.0.3:
  version "6.0.3"
  resolved "https://registry.npmjs.org/buffer/-/buffer-6.0.3.tgz"
  integrity sha512-FTiCpNxtwiZZHEZbcbTIcZjERVICn9yq/pDFkTl95/AxzD1naBctN7YO68riM/gLSDY7sdrMby8hofADYuuqOA==
  dependencies:
    base64-js "^1.3.1"
    ieee754 "^1.2.1"

bun-types@^1.0.4:
  version "1.0.4"
  resolved "https://registry.npmjs.org/bun-types/-/bun-types-1.0.4.tgz"
  integrity sha512-MIXp8MXPqzjjDrBs2fNzODFgFB+Mkl/OdTsPjYaefRoBt+Bk8VEJc3S1bbs6pvBi/wCpPf/ZSmzfIyZ5w4gAMg==

cookie-signature@^1.2.1:
  version "1.2.1"
  resolved "https://registry.npmjs.org/cookie-signature/-/cookie-signature-1.2.1.tgz"
  integrity sha512-78KWk9T26NhzXtuL26cIJ8/qNHANyJ/ZYrmEXFzUmhZdjpBv+DlWlOANRTGBt48YcyslsLrj0bMLFTmXvLRCOw==

cookie@^0.5.0:
  version "0.5.0"
  resolved "https://registry.npmjs.org/cookie/-/cookie-0.5.0.tgz"
  integrity sha512-YZ3GUyn/o8gfKJlnlX7g7xq4gyO6OSuhGPKaaGssGB2qgDUS0gPgtTvoyZLTt9Ab6dC4hfc9dV5arkvc/OCmrw==

elysia-decorators@^0.0.2:
  version "0.0.2"
  resolved "https://registry.npmjs.org/elysia-decorators/-/elysia-decorators-0.0.2.tgz"
  integrity sha512-dYQ2eoiR3FC2ayhpnmGRIugfJGz3KXMIZ9a2hylkGTL/csZfp05mnaUYGQw1sI+QwrPGLhRs6fOhcWiRijBgAg==
  dependencies:
    reflect-metadata "^0.1.13"

elysia-helmet@^1.0.1:
  version "1.0.1"
  resolved "https://registry.npmjs.org/elysia-helmet/-/elysia-helmet-1.0.1.tgz"
  integrity sha512-ng5yiQkU2RSKJCZx7YcaPAE1QCas/dkMI2MGcn/atxUzy425PftdhYXVAz18HTbGaNN8dZCk7DB5Z3zXdCwt9A==

elysia-rate-limit@^1.2.0:
  version "1.2.0"
  resolved "https://registry.yarnpkg.com/elysia-rate-limit/-/elysia-rate-limit-1.2.0.tgz#8306382ba6ac494605a624b779c0bf4d929764fb"
  integrity sha512-55Hd0lOSVHyoFrAIDT0TZTNwShx2ZNj6BmbjgOEWe7i3A+7bqTFFbW74KAZHgXJ6E2XtUTdXL3yr7753KKAKzQ==

elysia-session@^0.0.5:
  version "0.0.5"
  resolved "https://registry.yarnpkg.com/elysia-session/-/elysia-session-0.0.5.tgz#defa0232c86998841d11cd84052017b0c4f09f15"
  integrity sha512-n6ze1qoangIK2FCUvg+xnYxNLdpFMOI9kvRO1EX9CyjPFROhhOGnF93C+HugHMdEZizZDwMtu+gd/jasnKtntQ==
  dependencies:
    iron-webcrypto "^0.10.1"
    nanoid "^5.0.1"

elysia@^0.7.15:
  version "0.7.15"
  resolved "https://registry.yarnpkg.com/elysia/-/elysia-0.7.15.tgz#f8789972807adc2bbefba7f736b32a12f43390a5"
  integrity sha512-b1gVxVMb7tlwMFM7NRSCEpYCmtGGeHSzkU4HmocmZmieLYxCEQ2og5kamv38gwvY8Ju41aysv3aKijmPsu5xew==
  dependencies:
    "@sinclair/typebox" "^0.31.17"
    cookie "^0.5.0"
    cookie-signature "^1.2.1"
    eventemitter3 "^5.0.1"
    fast-querystring "^1.1.2"
    memoirist "0.1.4"
    openapi-types "^12.1.3"

event-target-shim@^5.0.0:
  version "5.0.1"
  resolved "https://registry.npmjs.org/event-target-shim/-/event-target-shim-5.0.1.tgz"
  integrity sha512-i/2XbnSz/uxRCU6+NdVJgKWDTM427+MqYbkQzD321DuCQJUqOuJKIA0IM2+W2xtYHdKOmZ4dR6fExsd4SXL+WQ==

eventemitter3@^5.0.1:
  version "5.0.1"
  resolved "https://registry.yarnpkg.com/eventemitter3/-/eventemitter3-5.0.1.tgz#53f5ffd0a492ac800721bb42c66b841de96423c4"
  integrity sha512-GWkBvjiSZK87ELrYOSESUYeVIc9mvLLf/nXalMOS5dYrgZq9o5OVkbZAVM06CVxYsCwH9BDZFPlQTlPA1j4ahA==

events@^3.3.0:
  version "3.3.0"
  resolved "https://registry.npmjs.org/events/-/events-3.3.0.tgz"
  integrity sha512-mQw+2fkQbALzQ7V0MY0IqdnXNOeTtP4r0lN9z7AAawCXgqea7bDii20AYrIBrFd/Hx0M2Ocz6S111CaFkUcb0Q==

fast-decode-uri-component@^1.0.1:
  version "1.0.1"
  resolved "https://registry.npmjs.org/fast-decode-uri-component/-/fast-decode-uri-component-1.0.1.tgz"
  integrity sha512-WKgKWg5eUxvRZGwW8FvfbaH7AXSh2cL+3j5fMGzUMCxWBJ3dV3a7Wz8y2f/uQ0e3B6WmodD3oS54jTQ9HVTIIg==

fast-querystring@^1.1.2:
  version "1.1.2"
  resolved "https://registry.npmjs.org/fast-querystring/-/fast-querystring-1.1.2.tgz"
  integrity sha512-g6KuKWmFXc0fID8WWH0jit4g0AGBoJhCkJMb1RmbsSEUNvQ+ZC8D6CUZ+GtF8nMzSPXnhiePyyqqipzNNEnHjg==
  dependencies:
    fast-decode-uri-component "^1.0.1"

fast-redact@^3.1.1:
  version "3.3.0"
  resolved "https://registry.npmjs.org/fast-redact/-/fast-redact-3.3.0.tgz"
  integrity sha512-6T5V1QK1u4oF+ATxs1lWUmlEk6P2T9HqJG3e2DnHOdVgZy2rFJBoEnrIedcTXlkAHU/zKC+7KETJ+KGGKwxgMQ==

ieee754@^1.2.1:
  version "1.2.1"
  resolved "https://registry.npmjs.org/ieee754/-/ieee754-1.2.1.tgz"
  integrity sha512-dcyqhDvX1C46lXZcVqCpK+FtMRQVdIMN6/Df5js2zouUsqG7I6sFxitIC+7KYK29KdXOLHdu9zL4sFnoVQnqaA==

iron-webcrypto@^0.10.1:
  version "0.10.1"
  resolved "https://registry.yarnpkg.com/iron-webcrypto/-/iron-webcrypto-0.10.1.tgz#cab8636a468685533a8521bfd7f06b19b7174809"
  integrity sha512-QGOS8MRMnj/UiOa+aMIgfyHcvkhqNUsUxb1XzskENvbo+rEfp6TOwqd1KPuDzXC4OnGHcMSVxDGRoilqB8ViqA==

jose@^4.14.4:
  version "4.15.2"
  resolved "https://registry.npmjs.org/jose/-/jose-4.15.2.tgz"
  integrity sha512-IY73F228OXRl9ar3jJagh7Vnuhj/GzBunPiZP13K0lOl7Am9SoWW3kEzq3MCllJMTtZqHTiDXQvoRd4U95aU6A==

lodash.clonedeep@^4.5.0:
  version "4.5.0"
  resolved "https://registry.npmjs.org/lodash.clonedeep/-/lodash.clonedeep-4.5.0.tgz"
  integrity sha512-H5ZhCF25riFd9uB5UCkVKo61m3S/xZk1x4wA6yp/L3RFP6Z/eHH1ymQcGLo7J3GMPfm0V/7m1tryHuGVxpqEBQ==

memoirist@0.1.4:
  version "0.1.4"
  resolved "https://registry.npmjs.org/memoirist/-/memoirist-0.1.4.tgz"
  integrity sha512-D6GbPSqO2nUVOmm7VZjJc5tC60pkOVUPzLwkKl1vCiYP+2b1cG8N9q1O3P0JmNM68u8vsgefPbxRUCSGxSXD+g==

nanoid@^5.0.1:
  version "5.0.1"
  resolved "https://registry.yarnpkg.com/nanoid/-/nanoid-5.0.1.tgz#3e95d775a8bc8a98afbf0a237e2bbc6a71b0662e"
  integrity sha512-vWeVtV5Cw68aML/QaZvqN/3QQXc6fBfIieAlu05m7FZW2Dgb+3f0xc0TTxuJW+7u30t7iSDTV/j3kVI0oJqIfQ==

on-exit-leak-free@^2.1.0:
  version "2.1.2"
  resolved "https://registry.npmjs.org/on-exit-leak-free/-/on-exit-leak-free-2.1.2.tgz"
  integrity sha512-0eJJY6hXLGf1udHwfNftBqH+g73EU4B504nZeKpz1sYRKafAghwxEJunB2O7rDZkL4PGfsMVnTXZ2EjibbqcsA==

openapi-types@^12.1.3:
  version "12.1.3"
  resolved "https://registry.npmjs.org/openapi-types/-/openapi-types-12.1.3.tgz"
  integrity sha512-N4YtSYJqghVu4iek2ZUvcN/0aqH1kRDuNqzcycDxhOUpg7GdvLa2F3DgS6yBNhInhv2r/6I0Flkn7CqL8+nIcw==

pino-abstract-transport@v1.1.0:
  version "1.1.0"
  resolved "https://registry.npmjs.org/pino-abstract-transport/-/pino-abstract-transport-1.1.0.tgz"
  integrity sha512-lsleG3/2a/JIWUtf9Q5gUNErBqwIu1tUKTT3dUzaf5DySw9ra1wcqKjJjLX1VTY64Wk1eEOYsVGSaGfCK85ekA==
  dependencies:
    readable-stream "^4.0.0"
    split2 "^4.0.0"

pino-std-serializers@^6.0.0:
  version "6.2.2"
  resolved "https://registry.npmjs.org/pino-std-serializers/-/pino-std-serializers-6.2.2.tgz"
  integrity sha512-cHjPPsE+vhj/tnhCy/wiMh3M3z3h/j15zHQX+S9GkTBgqJuTuJzYJ4gUyACLhDaJ7kk9ba9iRDmbH2tJU03OiA==

pino@^8.15.1:
  version "8.15.6"
  resolved "https://registry.npmjs.org/pino/-/pino-8.15.6.tgz"
  integrity sha512-GuxHr61R0ZFD1npu58tB3a3FSVjuy21OwN/haw4OuKiZBL63Pg11Y51WWeD52RENS2mjwPZOwt+2OQOSkck6kQ==
  dependencies:
    atomic-sleep "^1.0.0"
    fast-redact "^3.1.1"
    on-exit-leak-free "^2.1.0"
    pino-abstract-transport v1.1.0
    pino-std-serializers "^6.0.0"
    process-warning "^2.0.0"
    quick-format-unescaped "^4.0.3"
    real-require "^0.2.0"
    safe-stable-stringify "^2.3.1"
    sonic-boom "^3.1.0"
    thread-stream "^2.0.0"

process-warning@^2.0.0:
  version "2.2.0"
  resolved "https://registry.npmjs.org/process-warning/-/process-warning-2.2.0.tgz"
  integrity sha512-/1WZ8+VQjR6avWOgHeEPd7SDQmFQ1B5mC1eRXsCm5TarlNmx/wCsa5GEaxGm05BORRtyG/Ex/3xq3TuRvq57qg==

process@^0.11.10:
  version "0.11.10"
  resolved "https://registry.npmjs.org/process/-/process-0.11.10.tgz"
  integrity sha512-cdGef/drWFoydD1JsMzuFf8100nZl+GT+yacc2bEced5f9Rjk4z+WtFUTBu9PhOi9j/jfmBPu0mMEY4wIdAF8A==

quick-format-unescaped@^4.0.3:
  version "4.0.4"
  resolved "https://registry.npmjs.org/quick-format-unescaped/-/quick-format-unescaped-4.0.4.tgz"
  integrity sha512-tYC1Q1hgyRuHgloV/YXs2w15unPVh8qfu/qCTfhTYamaw7fyhumKa2yGpdSo87vY32rIclj+4fWYQXUMs9EHvg==

readable-stream@^4.0.0:
  version "4.4.2"
  resolved "https://registry.npmjs.org/readable-stream/-/readable-stream-4.4.2.tgz"
  integrity sha512-Lk/fICSyIhodxy1IDK2HazkeGjSmezAWX2egdtJnYhtzKEsBPJowlI6F6LPb5tqIQILrMbx22S5o3GuJavPusA==
  dependencies:
    abort-controller "^3.0.0"
    buffer "^6.0.3"
    events "^3.3.0"
    process "^0.11.10"
    string_decoder "^1.3.0"

real-require@^0.2.0:
  version "0.2.0"
  resolved "https://registry.npmjs.org/real-require/-/real-require-0.2.0.tgz"
  integrity sha512-57frrGM/OCTLqLOAh0mhVA9VBMHd+9U7Zb2THMGdBUoZVOtGbJzjxsYGDJ3A9AYYCP4hn6y1TVbaOfzWtm5GFg==

reflect-metadata@^0.1.13:
  version "0.1.13"
  resolved "https://registry.npmjs.org/reflect-metadata/-/reflect-metadata-0.1.13.tgz"
  integrity sha512-Ts1Y/anZELhSsjMcU605fU9RE4Oi3p5ORujwbIKXfWa+0Zxs510Qrmrce5/Jowq3cHSZSJqBjypxmHarc+vEWg==

safe-buffer@~5.2.0:
  version "5.2.1"
  resolved "https://registry.npmjs.org/safe-buffer/-/safe-buffer-5.2.1.tgz"
  integrity sha512-rp3So07KcdmmKbGvgaNxQSJr7bGVSVk5S9Eq1F+ppbRo70+YeaDxkw5Dd8NPN+GD6bjnYm2VuPuCXmpuYvmCXQ==

safe-stable-stringify@^2.3.1:
  version "2.4.3"
  resolved "https://registry.npmjs.org/safe-stable-stringify/-/safe-stable-stringify-2.4.3.tgz"
  integrity sha512-e2bDA2WJT0wxseVd4lsDP4+3ONX6HpMXQa1ZhFQ7SU+GjvORCmShbCMltrtIDfkYhVHrOcPtj+KhmDBdPdZD1g==

sonic-boom@^3.1.0:
  version "3.6.1"
  resolved "https://registry.npmjs.org/sonic-boom/-/sonic-boom-3.6.1.tgz"
  integrity sha512-QV+p5nXPiUiSMxn/k5bOL+hzCpafdj1voL+hywPZhheRSYyYp7CF15rNdz1evOXCUn/tFb7R62PDX1yJmtoTgg==
  dependencies:
    atomic-sleep "^1.0.0"

split2@^4.0.0:
  version "4.2.0"
  resolved "https://registry.npmjs.org/split2/-/split2-4.2.0.tgz"
  integrity sha512-UcjcJOWknrNkF6PLX83qcHM6KHgVKNkV62Y8a5uYDVv9ydGQVwAHMKqHdJje1VTWpljG0WYpCDhrCdAOYH4TWg==

string_decoder@^1.3.0:
  version "1.3.0"
  resolved "https://registry.npmjs.org/string_decoder/-/string_decoder-1.3.0.tgz"
  integrity sha512-hkRX8U1WjJFd8LsDJ2yQ/wWWxaopEsABU1XfkM8A+j0+85JAGppt16cr1Whg6KIbb4okU6Mql6BOj+uup/wKeA==
  dependencies:
    safe-buffer "~5.2.0"

thread-stream@^2.0.0:
  version "2.4.1"
  resolved "https://registry.npmjs.org/thread-stream/-/thread-stream-2.4.1.tgz"
  integrity sha512-d/Ex2iWd1whipbT681JmTINKw0ZwOUBZm7+Gjs64DHuX34mmw8vJL2bFAaNacaW72zYiTJxSHi5abUuOi5nsfg==
  dependencies:
    real-require "^0.2.0"
